{
    "name": "jest-coverage-report-action",
    "version": "1.0.0",
    "lockfileVersion": 1,
    "requires": true,
    "dependencies": {
        "parse-diff": {
            "version": "0.11.1",
            "resolved": "https://registry.npmjs.org/parse-diff/-/parse-diff-0.11.1.tgz",
            "integrity": "sha512-Oq4j8LAOPOcssanQkIjxosjATBIEJhCxMCxPhMu+Ci4wdNmAEdx0O+a7gzbR2PyKXgKPvRLIN5g224+dJAsKHA=="
        }
    }
}
