{
    "name": "jest-coverage-report-action",
    "version": "1.0.0",
    "lockfileVersion": 1,
    "requires": true,
    "dependencies": {
        "@octokit/openapi-types": {
            "version": "22.2.0",
            "resolved": "https://registry.npmjs.org/@octokit/openapi-types/-/openapi-types-22.2.0.tgz",
            "integrity": "sha512-QBhVjcUa9W7Wwhm6DBFu6ZZ+1/t/oYxqc2tp81Pi41YNuJinbFRx8B133qVOrAaBbF7D/m0Et6f9/pZt9Rc+tg=="
        },
        "@octokit/request-error": {
            "version": "6.1.5",
            "resolved": "https://registry.npmjs.org/@octokit/request-error/-/request-error-6.1.5.tgz",
            "integrity": "sha512-IlBTfGX8Yn/oFPMwSfvugfncK2EwRLjzbrpifNaMY8o/HTEAFqCA1FZxjD9cWvSKBHgrIhc4CSBIzMxiLsbzFQ==",
            "requires": {
                "@octokit/types": "^13.0.0"
            }
        },
        "@octokit/types": {
            "version": "13.6.1",
            "resolved": "https://registry.npmjs.org/@octokit/types/-/types-13.6.1.tgz",
            "integrity": "sha512-PHZE9Z+kWXb23Ndik8MKPirBPziOc0D2/3KH1P+6jK5nGWe96kadZuE4jev2/Jq7FvIfTlT2Ltg8Fv2x1v0a5g==",
            "requires": {
                "@octokit/openapi-types": "^22.2.0"
            }
        }
    }
}
